
Microsoft Visual Studio Solution File, Format Version 12.00
# Visual Studio 15
Project("{FAE04EC0-301F-11D3-BF4B-00C04F79EFBC}") = "SteamVR", "SteamVR.csproj", "{9B78069E-790F-8F11-BF96-3230FD6BD235}"
EndProject
Project("{FAE04EC0-301F-11D3-BF4B-00C04F79EFBC}") = "SteamVR_Actions", "SteamVR_Actions.csproj", "{E9E1E998-7E64-4857-33F4-CFFFAB082FF6}"
EndProject
Project("{FAE04EC0-301F-11D3-BF4B-00C04F79EFBC}") = "Assembly-CSharp", "Assembly-CSharp.csproj", "{FF244630-6D26-91E2-8FFD-52E50C12D912}"
EndProject
Project("{FAE04EC0-301F-11D3-BF4B-00C04F79EFBC}") = "SteamVR_Editor", "SteamVR_Editor.csproj", "{F07370BA-F98E-E782-C486-4257DA3D394F}"
EndProject
Project("{FAE04EC0-301F-11D3-BF4B-00C04F79EFBC}") = "SteamVR_Input_Editor", "SteamVR_Input_Editor.csproj", "{9587429E-C5F1-07C2-1C1C-D9957BDC804F}"
EndProject
Project("{FAE04EC0-301F-11D3-BF4B-00C04F79EFBC}") = "SteamVR_Windows_EditorHelper", "SteamVR_Windows_EditorHelper.csproj", "{C6672E25-541F-118B-3025-52D86C4095FE}"
EndProject
Global
	GlobalSection(SolutionConfigurationPlatforms) = preSolution
		Debug|Any CPU = Debug|Any CPU
		Release|Any CPU = Release|Any CPU
	EndGlobalSection
	GlobalSection(ProjectConfigurationPlatforms) = postSolution
		{9B78069E-790F-8F11-BF96-3230FD6BD235}.Debug|Any CPU.ActiveCfg = Debug|Any CPU
		{9B78069E-790F-8F11-BF96-3230FD6BD235}.Debug|Any CPU.Build.0 = Debug|Any CPU
		{9B78069E-790F-8F11-BF96-3230FD6BD235}.Release|Any CPU.ActiveCfg = Release|Any CPU
		{9B78069E-790F-8F11-BF96-3230FD6BD235}.Release|Any CPU.Build.0 = Release|Any CPU
		{E9E1E998-7E64-4857-33F4-CFFFAB082FF6}.Debug|Any CPU.ActiveCfg = Debug|Any CPU
		{E9E1E998-7E64-4857-33F4-CFFFAB082FF6}.Debug|Any CPU.Build.0 = Debug|Any CPU
		{E9E1E998-7E64-4857-33F4-CFFFAB082FF6}.Release|Any CPU.ActiveCfg = Release|Any CPU
		{E9E1E998-7E64-4857-33F4-CFFFAB082FF6}.Release|Any CPU.Build.0 = Release|Any CPU
		{FF244630-6D26-91E2-8FFD-52E50C12D912}.Debug|Any CPU.ActiveCfg = Debug|Any CPU
		{FF244630-6D26-91E2-8FFD-52E50C12D912}.Debug|Any CPU.Build.0 = Debug|Any CPU
		{FF244630-6D26-91E2-8FFD-52E50C12D912}.Release|Any CPU.ActiveCfg = Release|Any CPU
		{FF244630-6D26-91E2-8FFD-52E50C12D912}.Release|Any CPU.Build.0 = Release|Any CPU
		{F07370BA-F98E-E782-C486-4257DA3D394F}.Debug|Any CPU.ActiveCfg = Debug|Any CPU
		{F07370BA-F98E-E782-C486-4257DA3D394F}.Debug|Any CPU.Build.0 = Debug|Any CPU
		{F07370BA-F98E-E782-C486-4257DA3D394F}.Release|Any CPU.ActiveCfg = Release|Any CPU
		{F07370BA-F98E-E782-C486-4257DA3D394F}.Release|Any CPU.Build.0 = Release|Any CPU
		{9587429E-C5F1-07C2-1C1C-D9957BDC804F}.Debug|Any CPU.ActiveCfg = Debug|Any CPU
		{9587429E-C5F1-07C2-1C1C-D9957BDC804F}.Debug|Any CPU.Build.0 = Debug|Any CPU
		{9587429E-C5F1-07C2-1C1C-D9957BDC804F}.Release|Any CPU.ActiveCfg = Release|Any CPU
		{9587429E-C5F1-07C2-1C1C-D9957BDC804F}.Release|Any CPU.Build.0 = Release|Any CPU
		{C6672E25-541F-118B-3025-52D86C4095FE}.Debug|Any CPU.ActiveCfg = Debug|Any CPU
		{C6672E25-541F-118B-3025-52D86C4095FE}.Debug|Any CPU.Build.0 = Debug|Any CPU
		{C6672E25-541F-118B-3025-52D86C4095FE}.Release|Any CPU.ActiveCfg = Release|Any CPU
		{C6672E25-541F-118B-3025-52D86C4095FE}.Release|Any CPU.Build.0 = Release|Any CPU
	EndGlobalSection
	GlobalSection(SolutionProperties) = preSolution
		HideSolutionNode = FALSE
	EndGlobalSection
EndGlobal
